
Microsoft Visual Studio Solution File, Format Version 12.00
# Visual Studio Version 17
VisualStudioVersion = 17.5.33516.290
MinimumVisualStudioVersion = 10.0.40219.1
Project("{8BC9CEB8-8B4A-11D0-8D11-00A0C91BC942}") = "최근접 쌍", "최근접 쌍\최근접 쌍.vcxproj", "{513C99AD-58EE-4F2B-8F41-DB3782A5FADC}"
EndProject
Global
	GlobalSection(SolutionConfigurationPlatforms) = preSolution
		Debug|x64 = Debug|x64
		Debug|x86 = Debug|x86
		Release|x64 = Release|x64
		Release|x86 = Release|x86
	EndGlobalSection
	GlobalSection(ProjectConfigurationPlatforms) = postSolution
		{513C99AD-58EE-4F2B-8F41-DB3782A5FADC}.Debug|x64.ActiveCfg = Debug|x64
		{513C99AD-58EE-4F2B-8F41-DB3782A5FADC}.Debug|x64.Build.0 = Debug|x64
		{513C99AD-58EE-4F2B-8F41-DB3782A5FADC}.Debug|x86.ActiveCfg = Debug|Win32
		{513C99AD-58EE-4F2B-8F41-DB3782A5FADC}.Debug|x86.Build.0 = Debug|Win32
		{513C99AD-58EE-4F2B-8F41-DB3782A5FADC}.Release|x64.ActiveCfg = Release|x64
		{513C99AD-58EE-4F2B-8F41-DB3782A5FADC}.Release|x64.Build.0 = Release|x64
		{513C99AD-58EE-4F2B-8F41-DB3782A5FADC}.Release|x86.ActiveCfg = Release|Win32
		{513C99AD-58EE-4F2B-8F41-DB3782A5FADC}.Release|x86.Build.0 = Release|Win32
	EndGlobalSection
	GlobalSection(SolutionProperties) = preSolution
		HideSolutionNode = FALSE
	EndGlobalSection
	GlobalSection(ExtensibilityGlobals) = postSolution
		SolutionGuid = {E9298125-8BBD-45D8-81F9-F75C892C5367}
	EndGlobalSection
EndGlobal
